{
  "version": 4,
  "terraform_version": "1.9.6",
  "serial": 39,
  "lineage": "80b98551-97b7-fc8f-b23d-974fb0336a77",
  "outputs": {},
  "resources": [
    {
      "mode": "managed",
      "type": "azurerm_lb",
      "name": "load-balancer",
      "provider": "provider[\"registry.terraform.io/hashicorp/azurerm\"]",
      "instances": [
        {
          "schema_version": 0,
          "attributes": {
            "edge_zone": "",
            "frontend_ip_configuration": [
              {
                "gateway_load_balancer_frontend_ip_configuration_id": "",
                "id": "/subscriptions/10d377a9-0a75-40af-b0ce-fbca0bed2382/resourceGroups/autoscaling-demo-vbhkghsp8t/providers/Microsoft.Network/loadBalancers/system-loadbalancer/frontendIPConfigurations/LoadBalancerIPAddress",
                "inbound_nat_rules": [],
                "load_balancer_rules": [
                  "/subscriptions/10d377a9-0a75-40af-b0ce-fbca0bed2382/resourceGroups/autoscaling-demo-vbhkghsp8t/providers/Microsoft.Network/loadBalancers/system-loadbalancer/loadBalancingRules/LBrule"
                ],
                "name": "LoadBalancerIPAddress",
                "outbound_rules": [],
                "private_ip_address": "",
                "private_ip_address_allocation": "Dynamic",
                "private_ip_address_version": "",
                "public_ip_address_id": "/subscriptions/10d377a9-0a75-40af-b0ce-fbca0bed2382/resourceGroups/autoscaling-demo-vbhkghsp8t/providers/Microsoft.Network/publicIPAddresses/load-public-ip",
                "public_ip_prefix_id": "",
                "subnet_id": "",
                "zones": []
              }
            ],
            "id": "/subscriptions/10d377a9-0a75-40af-b0ce-fbca0bed2382/resourceGroups/autoscaling-demo-vbhkghsp8t/providers/Microsoft.Network/loadBalancers/system-loadbalancer",
            "location": "southeastasia",
            "name": "system-loadbalancer",
            "private_ip_address": "",
            "private_ip_addresses": [],
            "resource_group_name": "autoscaling-demo-vbhkghsp8t",
            "sku": "Basic",
            "sku_tier": "Regional",
            "tags": {},
            "timeouts": null
          },
          "sensitive_attributes": [],
          "private": "eyJlMmJmYjczMC1lY2FhLTExZTYtOGY4OC0zNDM2M2JjN2M0YzAiOnsiY3JlYXRlIjoxODAwMDAwMDAwMDAwLCJkZWxldGUiOjE4MDAwMDAwMDAwMDAsInJlYWQiOjMwMDAwMDAwMDAwMCwidXBkYXRlIjoxODAwMDAwMDAwMDAwfX0=",
          "dependencies": [
            "azurerm_public_ip.public-ip",
            "azurerm_resource_group.rg-group",
            "random_string.random-name"
          ]
        }
      ]
    },
    {
      "mode": "managed",
      "type": "azurerm_lb_backend_address_pool",
      "name": "bpepool",
      "provider": "provider[\"registry.terraform.io/hashicorp/azurerm\"]",
      "instances": [
        {
          "schema_version": 0,
          "attributes": {
            "backend_ip_configurations": [],
            "id": "/subscriptions/10d377a9-0a75-40af-b0ce-fbca0bed2382/resourceGroups/autoscaling-demo-vbhkghsp8t/providers/Microsoft.Network/loadBalancers/system-loadbalancer/backendAddressPools/BackEndAddressPool",
            "inbound_nat_rules": [],
            "load_balancing_rules": [
              "/subscriptions/10d377a9-0a75-40af-b0ce-fbca0bed2382/resourceGroups/autoscaling-demo-vbhkghsp8t/providers/Microsoft.Network/loadBalancers/system-loadbalancer/loadBalancingRules/LBrule"
            ],
            "loadbalancer_id": "/subscriptions/10d377a9-0a75-40af-b0ce-fbca0bed2382/resourceGroups/autoscaling-demo-vbhkghsp8t/providers/Microsoft.Network/loadBalancers/system-loadbalancer",
            "name": "BackEndAddressPool",
            "outbound_rules": [],
            "synchronous_mode": "",
            "timeouts": null,
            "tunnel_interface": [],
            "virtual_network_id": ""
          },
          "sensitive_attributes": [],
          "private": "eyJlMmJmYjczMC1lY2FhLTExZTYtOGY4OC0zNDM2M2JjN2M0YzAiOnsiY3JlYXRlIjoxODAwMDAwMDAwMDAwLCJkZWxldGUiOjE4MDAwMDAwMDAwMDAsInJlYWQiOjMwMDAwMDAwMDAwMCwidXBkYXRlIjoxODAwMDAwMDAwMDAwfX0=",
          "dependencies": [
            "azurerm_lb.load-balancer",
            "azurerm_public_ip.public-ip",
            "azurerm_resource_group.rg-group",
            "random_string.random-name"
          ]
        }
      ]
    },
    {
      "mode": "managed",
      "type": "azurerm_lb_nat_pool",
      "name": "lbnatpool",
      "provider": "provider[\"registry.terraform.io/hashicorp/azurerm\"]",
      "instances": [
        {
          "schema_version": 0,
          "attributes": {
            "backend_port": 22,
            "floating_ip_enabled": false,
            "frontend_ip_configuration_id": "/subscriptions/10d377a9-0a75-40af-b0ce-fbca0bed2382/resourceGroups/autoscaling-demo-vbhkghsp8t/providers/Microsoft.Network/loadBalancers/system-loadbalancer/frontendIPConfigurations/LoadBalancerIPAddress",
            "frontend_ip_configuration_name": "LoadBalancerIPAddress",
            "frontend_port_end": 50015,
            "frontend_port_start": 50010,
            "id": "/subscriptions/10d377a9-0a75-40af-b0ce-fbca0bed2382/resourceGroups/autoscaling-demo-vbhkghsp8t/providers/Microsoft.Network/loadBalancers/system-loadbalancer/inboundNatPools/ssh",
            "idle_timeout_in_minutes": 4,
            "loadbalancer_id": "/subscriptions/10d377a9-0a75-40af-b0ce-fbca0bed2382/resourceGroups/autoscaling-demo-vbhkghsp8t/providers/Microsoft.Network/loadBalancers/system-loadbalancer",
            "name": "ssh",
            "protocol": "Tcp",
            "resource_group_name": "autoscaling-demo-vbhkghsp8t",
            "tcp_reset_enabled": false,
            "timeouts": null
          },
          "sensitive_attributes": [],
          "private": "eyJlMmJmYjczMC1lY2FhLTExZTYtOGY4OC0zNDM2M2JjN2M0YzAiOnsiY3JlYXRlIjoxODAwMDAwMDAwMDAwLCJkZWxldGUiOjE4MDAwMDAwMDAwMDAsInJlYWQiOjMwMDAwMDAwMDAwMCwidXBkYXRlIjoxODAwMDAwMDAwMDAwfX0=",
          "dependencies": [
            "azurerm_lb.load-balancer",
            "azurerm_public_ip.public-ip",
            "azurerm_resource_group.rg-group",
            "random_string.random-name"
          ]
        }
      ]
    },
    {
      "mode": "managed",
      "type": "azurerm_lb_probe",
      "name": "probe",
      "provider": "provider[\"registry.terraform.io/hashicorp/azurerm\"]",
      "instances": [
        {
          "schema_version": 0,
          "attributes": {
            "id": "/subscriptions/10d377a9-0a75-40af-b0ce-fbca0bed2382/resourceGroups/autoscaling-demo-vbhkghsp8t/providers/Microsoft.Network/loadBalancers/system-loadbalancer/probes/http-probe",
            "interval_in_seconds": 15,
            "load_balancer_rules": [
              "/subscriptions/10d377a9-0a75-40af-b0ce-fbca0bed2382/resourceGroups/autoscaling-demo-vbhkghsp8t/providers/Microsoft.Network/loadBalancers/system-loadbalancer/loadBalancingRules/LBrule"
            ],
            "loadbalancer_id": "/subscriptions/10d377a9-0a75-40af-b0ce-fbca0bed2382/resourceGroups/autoscaling-demo-vbhkghsp8t/providers/Microsoft.Network/loadBalancers/system-loadbalancer",
            "name": "http-probe",
            "number_of_probes": 2,
            "port": 80,
            "probe_threshold": 1,
            "protocol": "Http",
            "request_path": "/",
            "timeouts": null
          },
          "sensitive_attributes": [],
          "private": "eyJlMmJmYjczMC1lY2FhLTExZTYtOGY4OC0zNDM2M2JjN2M0YzAiOnsiY3JlYXRlIjoxODAwMDAwMDAwMDAwLCJkZWxldGUiOjE4MDAwMDAwMDAwMDAsInJlYWQiOjMwMDAwMDAwMDAwMCwidXBkYXRlIjoxODAwMDAwMDAwMDAwfX0=",
          "dependencies": [
            "azurerm_lb.load-balancer",
            "azurerm_public_ip.public-ip",
            "azurerm_resource_group.rg-group",
            "random_string.random-name"
          ]
        }
      ]
    },
    {
      "mode": "managed",
      "type": "azurerm_lb_rule",
      "name": "load-rule",
      "provider": "provider[\"registry.terraform.io/hashicorp/azurerm\"]",
      "instances": [
        {
          "schema_version": 0,
          "attributes": {
            "backend_address_pool_ids": [
              "/subscriptions/10d377a9-0a75-40af-b0ce-fbca0bed2382/resourceGroups/autoscaling-demo-vbhkghsp8t/providers/Microsoft.Network/loadBalancers/system-loadbalancer/backendAddressPools/BackEndAddressPool"
            ],
            "backend_port": 80,
            "disable_outbound_snat": false,
            "enable_floating_ip": false,
            "enable_tcp_reset": false,
            "frontend_ip_configuration_id": "/subscriptions/10d377a9-0a75-40af-b0ce-fbca0bed2382/resourceGroups/autoscaling-demo-vbhkghsp8t/providers/Microsoft.Network/loadBalancers/system-loadbalancer/frontendIPConfigurations/LoadBalancerIPAddress",
            "frontend_ip_configuration_name": "LoadBalancerIPAddress",
            "frontend_port": 80,
            "id": "/subscriptions/10d377a9-0a75-40af-b0ce-fbca0bed2382/resourceGroups/autoscaling-demo-vbhkghsp8t/providers/Microsoft.Network/loadBalancers/system-loadbalancer/loadBalancingRules/LBrule",
            "idle_timeout_in_minutes": 4,
            "load_distribution": "Default",
            "loadbalancer_id": "/subscriptions/10d377a9-0a75-40af-b0ce-fbca0bed2382/resourceGroups/autoscaling-demo-vbhkghsp8t/providers/Microsoft.Network/loadBalancers/system-loadbalancer",
            "name": "LBrule",
            "probe_id": "/subscriptions/10d377a9-0a75-40af-b0ce-fbca0bed2382/resourceGroups/autoscaling-demo-vbhkghsp8t/providers/Microsoft.Network/loadBalancers/system-loadbalancer/probes/http-probe",
            "protocol": "Tcp",
            "timeouts": null
          },
          "sensitive_attributes": [],
          "private": "eyJlMmJmYjczMC1lY2FhLTExZTYtOGY4OC0zNDM2M2JjN2M0YzAiOnsiY3JlYXRlIjoxODAwMDAwMDAwMDAwLCJkZWxldGUiOjE4MDAwMDAwMDAwMDAsInJlYWQiOjMwMDAwMDAwMDAwMCwidXBkYXRlIjoxODAwMDAwMDAwMDAwfX0=",
          "dependencies": [
            "azurerm_lb.load-balancer",
            "azurerm_lb_backend_address_pool.bpepool",
            "azurerm_lb_probe.probe",
            "azurerm_public_ip.public-ip",
            "azurerm_resource_group.rg-group",
            "random_string.random-name"
          ]
        }
      ]
    },
    {
      "mode": "managed",
      "type": "azurerm_linux_virtual_machine_scale_set",
      "name": "scale-set",
      "provider": "provider[\"registry.terraform.io/hashicorp/azurerm\"]",
      "instances": [
        {
          "schema_version": 0,
          "attributes": {
            "additional_capabilities": [],
            "admin_password": null,
            "admin_ssh_key": [
              {
                "public_key": "ssh-rsa AAAAB3NzaC1yc2EAAAADAQABAAABAQDnJB/xHHTl3nPj39WbPGvQIzV/uHTrS2RLgwuent+XsqNKQSQg4y2KAoTvgear0rGdklcNukrHp2JM0lRg6Ch/BUNm0imjL97FzotlkWDAWlEJK08tQc5YGQDdgEtXWbhB/tRe8RbSZ+55gntojJhqVulmmIFWNRL7tEl7V58RYZkXwTbOAfhkSoFpCyp1O4hHr/Kr3X8kQ8PBqKqFYtOhzExzpF8quSZtAXdn6dOHmaX0PduQERRTX/mLj7cx7xc1qfzdMJ5z1fpNCEZepuT10vb2GRzuV1dZtHQAq+4zZZROkpk76djNr3eZ1qFahQPr1AwR24rKLp9+wgRGV2St rsa-key-20241002",
                "username": "nan"
              }
            ],
            "admin_username": "nan",
            "automatic_instance_repair": [],
            "automatic_os_upgrade_policy": [
              {
                "disable_automatic_rollback": false,
                "enable_automatic_os_upgrade": false
              }
            ],
            "boot_diagnostics": [],
            "capacity_reservation_group_id": "",
            "computer_name_prefix": "nan",
            "custom_data": "IyEvYmluL2Jhc2gKCmFwdC1nZXQgdXBkYXRlICYmIGFwdC1nZXQgaW5zdGFsbCAteSBuZ2lueCAmJiBzeXN0ZW1jdGwgZW5hYmxlIG5naW54ICYmIHN5c3RlbWN0bCBzdGFydCBuZ2lueA==",
            "data_disk": [
              {
                "caching": "ReadWrite",
                "create_option": "Empty",
                "disk_encryption_set_id": "",
                "disk_size_gb": 10,
                "lun": 0,
                "name": "",
                "storage_account_type": "Standard_LRS",
                "ultra_ssd_disk_iops_read_write": 0,
                "ultra_ssd_disk_mbps_read_write": 0,
                "write_accelerator_enabled": false
              }
            ],
            "disable_password_authentication": true,
            "do_not_run_extensions_on_overprovisioned_machines": false,
            "edge_zone": "",
            "encryption_at_host_enabled": false,
            "eviction_policy": "",
            "extension": [],
            "extension_operations_enabled": true,
            "extensions_time_budget": "PT1H30M",
            "gallery_application": [],
            "health_probe_id": "/subscriptions/10d377a9-0a75-40af-b0ce-fbca0bed2382/resourceGroups/autoscaling-demo-vbhkghsp8t/providers/Microsoft.Network/loadBalancers/system-loadbalancer/probes/http-probe",
            "host_group_id": null,
            "id": "/subscriptions/10d377a9-0a75-40af-b0ce-fbca0bed2382/resourceGroups/autoscaling-demo-vbhkghsp8t/providers/Microsoft.Compute/virtualMachineScaleSets/mytestscaleset-1",
            "identity": [],
            "instances": 2,
            "location": "southeastasia",
            "max_bid_price": -1,
            "name": "mytestscaleset-1",
            "network_interface": [
              {
                "dns_servers": null,
                "enable_accelerated_networking": false,
                "enable_ip_forwarding": false,
                "ip_configuration": [
                  {
                    "application_gateway_backend_address_pool_ids": null,
                    "application_security_group_ids": null,
                    "load_balancer_backend_address_pool_ids": [
                      "/subscriptions/10d377a9-0a75-40af-b0ce-fbca0bed2382/resourceGroups/autoscaling-demo-vbhkghsp8t/providers/Microsoft.Network/loadBalancers/system-loadbalancer/backendAddressPools/BackEndAddressPool"
                    ],
                    "load_balancer_inbound_nat_rules_ids": [
                      "/subscriptions/10d377a9-0a75-40af-b0ce-fbca0bed2382/resourceGroups/autoscaling-demo-vbhkghsp8t/providers/Microsoft.Network/loadBalancers/system-loadbalancer/inboundNatPools/ssh"
                    ],
                    "name": "IPConfiguration",
                    "primary": true,
                    "public_ip_address": [],
                    "subnet_id": "/subscriptions/10d377a9-0a75-40af-b0ce-fbca0bed2382/resourceGroups/autoscaling-demo-vbhkghsp8t/providers/Microsoft.Network/virtualNetworks/load-virtual-net/subnets/load-subnet-1",
                    "version": "IPv4"
                  }
                ],
                "name": "networkprofile",
                "network_security_group_id": "/subscriptions/10d377a9-0a75-40af-b0ce-fbca0bed2382/resourceGroups/autoscaling-demo-vbhkghsp8t/providers/Microsoft.Network/networkSecurityGroups/load-instance-nsg",
                "primary": true
              }
            ],
            "os_disk": [
              {
                "caching": "ReadWrite",
                "diff_disk_settings": [],
                "disk_encryption_set_id": "",
                "disk_size_gb": 30,
                "secure_vm_disk_encryption_set_id": "",
                "security_encryption_type": "",
                "storage_account_type": "Standard_LRS",
                "write_accelerator_enabled": false
              }
            ],
            "overprovision": true,
            "plan": [],
            "platform_fault_domain_count": 5,
            "priority": "Regular",
            "provision_vm_agent": true,
            "proximity_placement_group_id": "",
            "resource_group_name": "autoscaling-demo-vbhkghsp8t",
            "rolling_upgrade_policy": [
              {
                "cross_zone_upgrades_enabled": false,
                "max_batch_instance_percent": 20,
                "max_unhealthy_instance_percent": 20,
                "max_unhealthy_upgraded_instance_percent": 5,
                "maximum_surge_instances_enabled": false,
                "pause_time_between_batches": "PT0S",
                "prioritize_unhealthy_instances_enabled": false
              }
            ],
            "scale_in": [],
            "secret": [],
            "secure_boot_enabled": false,
            "single_placement_group": true,
            "sku": "Standard_B1s",
            "source_image_id": "",
            "source_image_reference": [
              {
                "offer": "0001-com-ubuntu-server-jammy",
                "publisher": "Canonical",
                "sku": "22_04-lts-gen2",
                "version": "latest"
              }
            ],
            "spot_restore": null,
            "tags": null,
            "termination_notification": null,
            "timeouts": null,
            "unique_id": "ea64a967-b4b1-4a45-9e74-c1bfe4018a33",
            "upgrade_mode": "Rolling",
            "user_data": "",
            "vtpm_enabled": false,
            "zone_balance": false,
            "zones": null
          },
          "sensitive_attributes": [
            [
              {
                "type": "get_attr",
                "value": "custom_data"
              }
            ],
            [
              {
                "type": "get_attr",
                "value": "admin_password"
              }
            ]
          ],
          "private": "eyJlMmJmYjczMC1lY2FhLTExZTYtOGY4OC0zNDM2M2JjN2M0YzAiOnsiY3JlYXRlIjozNjAwMDAwMDAwMDAwLCJkZWxldGUiOjM2MDAwMDAwMDAwMDAsInJlYWQiOjMwMDAwMDAwMDAwMCwidXBkYXRlIjozNjAwMDAwMDAwMDAwfX0=",
          "dependencies": [
            "azurerm_lb.load-balancer",
            "azurerm_lb_backend_address_pool.bpepool",
            "azurerm_lb_nat_pool.lbnatpool",
            "azurerm_lb_probe.probe",
            "azurerm_network_security_group.load-instance",
            "azurerm_public_ip.public-ip",
            "azurerm_resource_group.rg-group",
            "azurerm_subnet.load-subnet-1",
            "azurerm_virtual_network.vnet",
            "random_string.random-name"
          ]
        }
      ]
    },
    {
      "mode": "managed",
      "type": "azurerm_monitor_autoscale_setting",
      "name": "auto-scale",
      "provider": "provider[\"registry.terraform.io/hashicorp/azurerm\"]",
      "instances": [
        {
          "schema_version": 2,
          "attributes": {
            "enabled": true,
            "id": "/subscriptions/10d377a9-0a75-40af-b0ce-fbca0bed2382/resourceGroups/autoscaling-demo-vbhkghsp8t/providers/Microsoft.Insights/autoScaleSettings/autoscaling",
            "location": "southeastasia",
            "name": "autoscaling",
            "notification": [],
            "predictive": [],
            "profile": [
              {
                "capacity": [
                  {
                    "default": 2,
                    "maximum": 4,
                    "minimum": 2
                  }
                ],
                "fixed_date": [],
                "name": "defaultProfile",
                "recurrence": [],
                "rule": [
                  {
                    "metric_trigger": [
                      {
                        "dimensions": [],
                        "divide_by_instance_count": false,
                        "metric_name": "Percentage Cpu",
                        "metric_namespace": "",
                        "metric_resource_id": "/subscriptions/10d377a9-0a75-40af-b0ce-fbca0bed2382/resourceGroups/autoscaling-demo-vbhkghsp8t/providers/Microsoft.Compute/virtualMachineScaleSets/mytestscaleset-1",
                        "operator": "GreaterThan",
                        "statistic": "Average",
                        "threshold": 40,
                        "time_aggregation": "Average",
                        "time_grain": "PT1M",
                        "time_window": "PT5M"
                      }
                    ],
                    "scale_action": [
                      {
                        "cooldown": "PT1M",
                        "direction": "Increase",
                        "type": "ChangeCount",
                        "value": 1
                      }
                    ]
                  },
                  {
                    "metric_trigger": [
                      {
                        "dimensions": [],
                        "divide_by_instance_count": false,
                        "metric_name": "Percentage CPU",
                        "metric_namespace": "",
                        "metric_resource_id": "/subscriptions/10d377a9-0a75-40af-b0ce-fbca0bed2382/resourceGroups/autoscaling-demo-vbhkghsp8t/providers/Microsoft.Compute/virtualMachineScaleSets/mytestscaleset-1",
                        "operator": "LessThan",
                        "statistic": "Average",
                        "threshold": 10,
                        "time_aggregation": "Average",
                        "time_grain": "PT1M",
                        "time_window": "PT5M"
                      }
                    ],
                    "scale_action": [
                      {
                        "cooldown": "PT1M",
                        "direction": "Decrease",
                        "type": "ChangeCount",
                        "value": 1
                      }
                    ]
                  }
                ]
              }
            ],
            "resource_group_name": "autoscaling-demo-vbhkghsp8t",
            "tags": null,
            "target_resource_id": "/subscriptions/10d377a9-0a75-40af-b0ce-fbca0bed2382/resourceGroups/autoscaling-demo-vbhkghsp8t/providers/Microsoft.Compute/virtualMachineScaleSets/mytestscaleset-1",
            "timeouts": null
          },
          "sensitive_attributes": [],
          "private": "eyJlMmJmYjczMC1lY2FhLTExZTYtOGY4OC0zNDM2M2JjN2M0YzAiOnsiY3JlYXRlIjoxODAwMDAwMDAwMDAwLCJkZWxldGUiOjE4MDAwMDAwMDAwMDAsInJlYWQiOjMwMDAwMDAwMDAwMCwidXBkYXRlIjoxODAwMDAwMDAwMDAwfSwic2NoZW1hX3ZlcnNpb24iOiIyIn0=",
          "dependencies": [
            "azurerm_lb.load-balancer",
            "azurerm_lb_backend_address_pool.bpepool",
            "azurerm_lb_nat_pool.lbnatpool",
            "azurerm_lb_probe.probe",
            "azurerm_linux_virtual_machine_scale_set.scale-set",
            "azurerm_network_security_group.load-instance",
            "azurerm_public_ip.public-ip",
            "azurerm_resource_group.rg-group",
            "azurerm_subnet.load-subnet-1",
            "azurerm_virtual_network.vnet",
            "random_string.random-name"
          ]
        }
      ]
    },
    {
      "mode": "managed",
      "type": "azurerm_network_security_group",
      "name": "load-instance",
      "provider": "provider[\"registry.terraform.io/hashicorp/azurerm\"]",
      "instances": [
        {
          "schema_version": 0,
          "attributes": {
            "id": "/subscriptions/10d377a9-0a75-40af-b0ce-fbca0bed2382/resourceGroups/autoscaling-demo-vbhkghsp8t/providers/Microsoft.Network/networkSecurityGroups/load-instance-nsg",
            "location": "southeastasia",
            "name": "load-instance-nsg",
            "resource_group_name": "autoscaling-demo-vbhkghsp8t",
            "security_rule": [
              {
                "access": "Allow",
                "description": "",
                "destination_address_prefix": "*",
                "destination_address_prefixes": [],
                "destination_application_security_group_ids": [],
                "destination_port_range": "22",
                "destination_port_ranges": [],
                "direction": "Inbound",
                "name": "SSH",
                "priority": 1002,
                "protocol": "Tcp",
                "source_address_prefix": "136.158.57.177/32",
                "source_address_prefixes": [],
                "source_application_security_group_ids": [],
                "source_port_range": "*",
                "source_port_ranges": []
              },
              {
                "access": "Allow",
                "description": null,
                "destination_address_prefix": "*",
                "destination_address_prefixes": [],
                "destination_application_security_group_ids": [],
                "destination_port_range": "80",
                "destination_port_ranges": [],
                "direction": "Inbound",
                "name": "HTTP",
                "priority": 1001,
                "protocol": "Tcp",
                "source_address_prefix": "*",
                "source_address_prefixes": [],
                "source_application_security_group_ids": [],
                "source_port_range": "*",
                "source_port_ranges": []
              }
            ],
            "tags": {},
            "timeouts": null
          },
          "sensitive_attributes": [],
          "private": "eyJlMmJmYjczMC1lY2FhLTExZTYtOGY4OC0zNDM2M2JjN2M0YzAiOnsiY3JlYXRlIjoxODAwMDAwMDAwMDAwLCJkZWxldGUiOjE4MDAwMDAwMDAwMDAsInJlYWQiOjMwMDAwMDAwMDAwMCwidXBkYXRlIjoxODAwMDAwMDAwMDAwfX0=",
          "dependencies": [
            "azurerm_resource_group.rg-group",
            "random_string.random-name"
          ]
        }
      ]
    },
    {
      "mode": "managed",
      "type": "azurerm_public_ip",
      "name": "public-ip",
      "provider": "provider[\"registry.terraform.io/hashicorp/azurerm\"]",
      "instances": [
        {
          "schema_version": 0,
          "attributes": {
            "allocation_method": "Static",
            "ddos_protection_mode": "VirtualNetworkInherited",
            "ddos_protection_plan_id": null,
            "domain_name_label": "autoscaling-demo-vbhkghsp8t",
            "edge_zone": "",
            "fqdn": "autoscaling-demo-vbhkghsp8t.southeastasia.cloudapp.azure.com",
            "id": "/subscriptions/10d377a9-0a75-40af-b0ce-fbca0bed2382/resourceGroups/autoscaling-demo-vbhkghsp8t/providers/Microsoft.Network/publicIPAddresses/load-public-ip",
            "idle_timeout_in_minutes": 4,
            "ip_address": "13.76.169.94",
            "ip_tags": {},
            "ip_version": "IPv4",
            "location": "southeastasia",
            "name": "load-public-ip",
            "public_ip_prefix_id": null,
            "resource_group_name": "autoscaling-demo-vbhkghsp8t",
            "reverse_fqdn": "",
            "sku": "Basic",
            "sku_tier": "Regional",
            "tags": {},
            "timeouts": null,
            "zones": []
          },
          "sensitive_attributes": [],
          "private": "eyJlMmJmYjczMC1lY2FhLTExZTYtOGY4OC0zNDM2M2JjN2M0YzAiOnsiY3JlYXRlIjoxODAwMDAwMDAwMDAwLCJkZWxldGUiOjE4MDAwMDAwMDAwMDAsInJlYWQiOjMwMDAwMDAwMDAwMCwidXBkYXRlIjoxODAwMDAwMDAwMDAwfX0=",
          "dependencies": [
            "azurerm_resource_group.rg-group",
            "random_string.random-name"
          ]
        }
      ]
    },
    {
      "mode": "managed",
      "type": "azurerm_resource_group",
      "name": "rg-group",
      "provider": "provider[\"registry.terraform.io/hashicorp/azurerm\"]",
      "instances": [
        {
          "schema_version": 0,
          "attributes": {
            "id": "/subscriptions/10d377a9-0a75-40af-b0ce-fbca0bed2382/resourceGroups/autoscaling-demo-vbhkghsp8t",
            "location": "southeastasia",
            "managed_by": "",
            "name": "autoscaling-demo-vbhkghsp8t",
            "tags": {},
            "timeouts": null
          },
          "sensitive_attributes": [],
          "private": "eyJlMmJmYjczMC1lY2FhLTExZTYtOGY4OC0zNDM2M2JjN2M0YzAiOnsiY3JlYXRlIjo1NDAwMDAwMDAwMDAwLCJkZWxldGUiOjU0MDAwMDAwMDAwMDAsInJlYWQiOjMwMDAwMDAwMDAwMCwidXBkYXRlIjo1NDAwMDAwMDAwMDAwfX0=",
          "dependencies": [
            "random_string.random-name"
          ]
        }
      ]
    },
    {
      "mode": "managed",
      "type": "azurerm_subnet",
      "name": "load-subnet-1",
      "provider": "provider[\"registry.terraform.io/hashicorp/azurerm\"]",
      "instances": [
        {
          "schema_version": 0,
          "attributes": {
            "address_prefixes": [
              "10.0.0.0/24"
            ],
            "default_outbound_access_enabled": true,
            "delegation": [],
            "id": "/subscriptions/10d377a9-0a75-40af-b0ce-fbca0bed2382/resourceGroups/autoscaling-demo-vbhkghsp8t/providers/Microsoft.Network/virtualNetworks/load-virtual-net/subnets/load-subnet-1",
            "name": "load-subnet-1",
            "private_endpoint_network_policies": "Disabled",
            "private_link_service_network_policies_enabled": true,
            "resource_group_name": "autoscaling-demo-vbhkghsp8t",
            "service_endpoint_policy_ids": [],
            "service_endpoints": [],
            "timeouts": null,
            "virtual_network_name": "load-virtual-net"
          },
          "sensitive_attributes": [],
          "private": "eyJlMmJmYjczMC1lY2FhLTExZTYtOGY4OC0zNDM2M2JjN2M0YzAiOnsiY3JlYXRlIjoxODAwMDAwMDAwMDAwLCJkZWxldGUiOjE4MDAwMDAwMDAwMDAsInJlYWQiOjMwMDAwMDAwMDAwMCwidXBkYXRlIjoxODAwMDAwMDAwMDAwfX0=",
          "dependencies": [
            "azurerm_resource_group.rg-group",
            "azurerm_virtual_network.vnet",
            "random_string.random-name"
          ]
        }
      ]
    },
    {
      "mode": "managed",
      "type": "azurerm_virtual_network",
      "name": "vnet",
      "provider": "provider[\"registry.terraform.io/hashicorp/azurerm\"]",
      "instances": [
        {
          "schema_version": 0,
          "attributes": {
            "address_space": [
              "10.0.0.0/16"
            ],
            "bgp_community": "",
            "ddos_protection_plan": [],
            "dns_servers": [],
            "edge_zone": "",
            "encryption": [],
            "flow_timeout_in_minutes": 0,
            "guid": "1f571f8f-d2fc-4ce4-80de-ea937cb243ad",
            "id": "/subscriptions/10d377a9-0a75-40af-b0ce-fbca0bed2382/resourceGroups/autoscaling-demo-vbhkghsp8t/providers/Microsoft.Network/virtualNetworks/load-virtual-net",
            "location": "southeastasia",
            "name": "load-virtual-net",
            "resource_group_name": "autoscaling-demo-vbhkghsp8t",
            "subnet": [
              {
                "address_prefixes": [
                  "10.0.0.0/24"
                ],
                "default_outbound_access_enabled": true,
                "delegation": [],
                "id": "/subscriptions/10d377a9-0a75-40af-b0ce-fbca0bed2382/resourceGroups/autoscaling-demo-vbhkghsp8t/providers/Microsoft.Network/virtualNetworks/load-virtual-net/subnets/load-subnet-1",
                "name": "load-subnet-1",
                "private_endpoint_network_policies": "Disabled",
                "private_link_service_network_policies_enabled": true,
                "route_table_id": "",
                "security_group": "",
                "service_endpoint_policy_ids": [],
                "service_endpoints": []
              }
            ],
            "tags": {},
            "timeouts": null
          },
          "sensitive_attributes": [],
          "private": "eyJlMmJmYjczMC1lY2FhLTExZTYtOGY4OC0zNDM2M2JjN2M0YzAiOnsiY3JlYXRlIjoxODAwMDAwMDAwMDAwLCJkZWxldGUiOjE4MDAwMDAwMDAwMDAsInJlYWQiOjMwMDAwMDAwMDAwMCwidXBkYXRlIjoxODAwMDAwMDAwMDAwfX0=",
          "dependencies": [
            "azurerm_resource_group.rg-group",
            "random_string.random-name"
          ]
        }
      ]
    },
    {
      "mode": "managed",
      "type": "random_string",
      "name": "random-name",
      "provider": "provider[\"registry.terraform.io/hashicorp/random\"]",
      "instances": [
        {
          "schema_version": 2,
          "attributes": {
            "id": "vbhkghsp8t",
            "keepers": null,
            "length": 10,
            "lower": true,
            "min_lower": 0,
            "min_numeric": 0,
            "min_special": 0,
            "min_upper": 0,
            "number": true,
            "numeric": true,
            "override_special": null,
            "result": "vbhkghsp8t",
            "special": false,
            "upper": false
          },
          "sensitive_attributes": []
        }
      ]
    }
  ],
  "check_results": null
}
