{
  "version": 4,
  "terraform_version": "1.9.6",
  "serial": 47,
  "lineage": "80b98551-97b7-fc8f-b23d-974fb0336a77",
  "outputs": {},
  "resources": [
    {
      "mode": "managed",
      "type": "azurerm_lb",
      "name": "load-balancer",
      "provider": "provider[\"registry.terraform.io/hashicorp/azurerm\"]",
      "instances": [
        {
          "schema_version": 0,
          "attributes": {
            "edge_zone": "",
            "frontend_ip_configuration": [
              {
                "gateway_load_balancer_frontend_ip_configuration_id": "",
                "id": "/subscriptions/10d377a9-0a75-40af-b0ce-fbca0bed2382/resourceGroups/autoscaling-demo-vbhkghsp8t/providers/Microsoft.Network/loadBalancers/system-loadbalancer/frontendIPConfigurations/LoadBalancerIPAddress",
                "inbound_nat_rules": [
                  "/subscriptions/10d377a9-0a75-40af-b0ce-fbca0bed2382/resourceGroups/autoscaling-demo-vbhkghsp8t/providers/Microsoft.Network/loadBalancers/system-loadbalancer/inboundNatRules/ssh.0",
                  "/subscriptions/10d377a9-0a75-40af-b0ce-fbca0bed2382/resourceGroups/autoscaling-demo-vbhkghsp8t/providers/Microsoft.Network/loadBalancers/system-loadbalancer/inboundNatRules/ssh.3"
                ],
                "load_balancer_rules": [
                  "/subscriptions/10d377a9-0a75-40af-b0ce-fbca0bed2382/resourceGroups/autoscaling-demo-vbhkghsp8t/providers/Microsoft.Network/loadBalancers/system-loadbalancer/loadBalancingRules/LBrule"
                ],
                "name": "LoadBalancerIPAddress",
                "outbound_rules": [],
                "private_ip_address": "",
                "private_ip_address_allocation": "Dynamic",
                "private_ip_address_version": "",
                "public_ip_address_id": "/subscriptions/10d377a9-0a75-40af-b0ce-fbca0bed2382/resourceGroups/autoscaling-demo-vbhkghsp8t/providers/Microsoft.Network/publicIPAddresses/load-public-ip",
                "public_ip_prefix_id": "",
                "subnet_id": "",
                "zones": []
              }
            ],
            "id": "/subscriptions/10d377a9-0a75-40af-b0ce-fbca0bed2382/resourceGroups/autoscaling-demo-vbhkghsp8t/providers/Microsoft.Network/loadBalancers/system-loadbalancer",
            "location": "southeastasia",
            "name": "system-loadbalancer",
            "private_ip_address": "",
            "private_ip_addresses": [],
            "resource_group_name": "autoscaling-demo-vbhkghsp8t",
            "sku": "Basic",
            "sku_tier": "Regional",
            "tags": {},
            "timeouts": null
          },
          "sensitive_attributes": [],
          "private": "eyJlMmJmYjczMC1lY2FhLTExZTYtOGY4OC0zNDM2M2JjN2M0YzAiOnsiY3JlYXRlIjoxODAwMDAwMDAwMDAwLCJkZWxldGUiOjE4MDAwMDAwMDAwMDAsInJlYWQiOjMwMDAwMDAwMDAwMCwidXBkYXRlIjoxODAwMDAwMDAwMDAwfX0=",
          "dependencies": [
            "azurerm_public_ip.public-ip",
            "azurerm_resource_group.rg-group",
            "random_string.random-name"
          ]
        }
      ]
    },
    {
      "mode": "managed",
      "type": "azurerm_lb_backend_address_pool",
      "name": "bpepool",
      "provider": "provider[\"registry.terraform.io/hashicorp/azurerm\"]",
      "instances": [
        {
          "schema_version": 0,
          "attributes": {
            "backend_ip_configurations": [
              "/subscriptions/10d377a9-0a75-40af-b0ce-fbca0bed2382/resourceGroups/autoscaling-demo-vbhkghsp8t/providers/Microsoft.Compute/virtualMachineScaleSets/mytestscaleset-1/virtualMachines/0/networkInterfaces/networkprofile/ipConfigurations/IPConfiguration",
              "/subscriptions/10d377a9-0a75-40af-b0ce-fbca0bed2382/resourceGroups/autoscaling-demo-vbhkghsp8t/providers/Microsoft.Compute/virtualMachineScaleSets/mytestscaleset-1/virtualMachines/3/networkInterfaces/networkprofile/ipConfigurations/IPConfiguration"
            ],
            "id": "/subscriptions/10d377a9-0a75-40af-b0ce-fbca0bed2382/resourceGroups/autoscaling-demo-vbhkghsp8t/providers/Microsoft.Network/loadBalancers/system-loadbalancer/backendAddressPools/BackEndAddressPool",
            "inbound_nat_rules": [],
            "load_balancing_rules": [
              "/subscriptions/10d377a9-0a75-40af-b0ce-fbca0bed2382/resourceGroups/autoscaling-demo-vbhkghsp8t/providers/Microsoft.Network/loadBalancers/system-loadbalancer/loadBalancingRules/LBrule"
            ],
            "loadbalancer_id": "/subscriptions/10d377a9-0a75-40af-b0ce-fbca0bed2382/resourceGroups/autoscaling-demo-vbhkghsp8t/providers/Microsoft.Network/loadBalancers/system-loadbalancer",
            "name": "BackEndAddressPool",
            "outbound_rules": [],
            "synchronous_mode": "",
            "timeouts": null,
            "tunnel_interface": [],
            "virtual_network_id": ""
          },
          "sensitive_attributes": [],
          "private": "eyJlMmJmYjczMC1lY2FhLTExZTYtOGY4OC0zNDM2M2JjN2M0YzAiOnsiY3JlYXRlIjoxODAwMDAwMDAwMDAwLCJkZWxldGUiOjE4MDAwMDAwMDAwMDAsInJlYWQiOjMwMDAwMDAwMDAwMCwidXBkYXRlIjoxODAwMDAwMDAwMDAwfX0=",
          "dependencies": [
            "azurerm_lb.load-balancer",
            "azurerm_public_ip.public-ip",
            "azurerm_resource_group.rg-group",
            "random_string.random-name"
          ]
        }
      ]
    },
    {
      "mode": "managed",
      "type": "azurerm_lb_probe",
      "name": "probe",
      "provider": "provider[\"registry.terraform.io/hashicorp/azurerm\"]",
      "instances": [
        {
          "schema_version": 0,
          "attributes": {
            "id": "/subscriptions/10d377a9-0a75-40af-b0ce-fbca0bed2382/resourceGroups/autoscaling-demo-vbhkghsp8t/providers/Microsoft.Network/loadBalancers/system-loadbalancer/probes/http-probe",
            "interval_in_seconds": 15,
            "load_balancer_rules": [
              "/subscriptions/10d377a9-0a75-40af-b0ce-fbca0bed2382/resourceGroups/autoscaling-demo-vbhkghsp8t/providers/Microsoft.Network/loadBalancers/system-loadbalancer/loadBalancingRules/LBrule"
            ],
            "loadbalancer_id": "/subscriptions/10d377a9-0a75-40af-b0ce-fbca0bed2382/resourceGroups/autoscaling-demo-vbhkghsp8t/providers/Microsoft.Network/loadBalancers/system-loadbalancer",
            "name": "http-probe",
            "number_of_probes": 2,
            "port": 80,
            "probe_threshold": 1,
            "protocol": "Http",
            "request_path": "/",
            "timeouts": null
          },
          "sensitive_attributes": [],
          "private": "eyJlMmJmYjczMC1lY2FhLTExZTYtOGY4OC0zNDM2M2JjN2M0YzAiOnsiY3JlYXRlIjoxODAwMDAwMDAwMDAwLCJkZWxldGUiOjE4MDAwMDAwMDAwMDAsInJlYWQiOjMwMDAwMDAwMDAwMCwidXBkYXRlIjoxODAwMDAwMDAwMDAwfX0=",
          "dependencies": [
            "azurerm_lb.load-balancer",
            "azurerm_public_ip.public-ip",
            "azurerm_resource_group.rg-group",
            "random_string.random-name"
          ]
        }
      ]
    },
    {
      "mode": "managed",
      "type": "azurerm_lb_rule",
      "name": "load-rule",
      "provider": "provider[\"registry.terraform.io/hashicorp/azurerm\"]",
      "instances": [
        {
          "schema_version": 0,
          "attributes": {
            "backend_address_pool_ids": [
              "/subscriptions/10d377a9-0a75-40af-b0ce-fbca0bed2382/resourceGroups/autoscaling-demo-vbhkghsp8t/providers/Microsoft.Network/loadBalancers/system-loadbalancer/backendAddressPools/BackEndAddressPool"
            ],
            "backend_port": 80,
            "disable_outbound_snat": false,
            "enable_floating_ip": false,
            "enable_tcp_reset": false,
            "frontend_ip_configuration_id": "/subscriptions/10d377a9-0a75-40af-b0ce-fbca0bed2382/resourceGroups/autoscaling-demo-vbhkghsp8t/providers/Microsoft.Network/loadBalancers/system-loadbalancer/frontendIPConfigurations/LoadBalancerIPAddress",
            "frontend_ip_configuration_name": "LoadBalancerIPAddress",
            "frontend_port": 80,
            "id": "/subscriptions/10d377a9-0a75-40af-b0ce-fbca0bed2382/resourceGroups/autoscaling-demo-vbhkghsp8t/providers/Microsoft.Network/loadBalancers/system-loadbalancer/loadBalancingRules/LBrule",
            "idle_timeout_in_minutes": 4,
            "load_distribution": "Default",
            "loadbalancer_id": "/subscriptions/10d377a9-0a75-40af-b0ce-fbca0bed2382/resourceGroups/autoscaling-demo-vbhkghsp8t/providers/Microsoft.Network/loadBalancers/system-loadbalancer",
            "name": "LBrule",
            "probe_id": "/subscriptions/10d377a9-0a75-40af-b0ce-fbca0bed2382/resourceGroups/autoscaling-demo-vbhkghsp8t/providers/Microsoft.Network/loadBalancers/system-loadbalancer/probes/http-probe",
            "protocol": "Tcp",
            "timeouts": null
          },
          "sensitive_attributes": [],
          "private": "eyJlMmJmYjczMC1lY2FhLTExZTYtOGY4OC0zNDM2M2JjN2M0YzAiOnsiY3JlYXRlIjoxODAwMDAwMDAwMDAwLCJkZWxldGUiOjE4MDAwMDAwMDAwMDAsInJlYWQiOjMwMDAwMDAwMDAwMCwidXBkYXRlIjoxODAwMDAwMDAwMDAwfX0=",
          "dependencies": [
            "azurerm_lb.load-balancer",
            "azurerm_lb_backend_address_pool.bpepool",
            "azurerm_lb_probe.probe",
            "azurerm_public_ip.public-ip",
            "azurerm_resource_group.rg-group",
            "random_string.random-name"
          ]
        }
      ]
    },
    {
      "mode": "managed",
      "type": "azurerm_public_ip",
      "name": "public-ip",
      "provider": "provider[\"registry.terraform.io/hashicorp/azurerm\"]",
      "instances": [
        {
          "schema_version": 0,
          "attributes": {
            "allocation_method": "Static",
            "ddos_protection_mode": "VirtualNetworkInherited",
            "ddos_protection_plan_id": null,
            "domain_name_label": "autoscaling-demo-vbhkghsp8t",
            "edge_zone": "",
            "fqdn": "autoscaling-demo-vbhkghsp8t.southeastasia.cloudapp.azure.com",
            "id": "/subscriptions/10d377a9-0a75-40af-b0ce-fbca0bed2382/resourceGroups/autoscaling-demo-vbhkghsp8t/providers/Microsoft.Network/publicIPAddresses/load-public-ip",
            "idle_timeout_in_minutes": 4,
            "ip_address": "13.76.169.94",
            "ip_tags": {},
            "ip_version": "IPv4",
            "location": "southeastasia",
            "name": "load-public-ip",
            "public_ip_prefix_id": null,
            "resource_group_name": "autoscaling-demo-vbhkghsp8t",
            "reverse_fqdn": "",
            "sku": "Basic",
            "sku_tier": "Regional",
            "tags": {},
            "timeouts": null,
            "zones": []
          },
          "sensitive_attributes": [],
          "private": "eyJlMmJmYjczMC1lY2FhLTExZTYtOGY4OC0zNDM2M2JjN2M0YzAiOnsiY3JlYXRlIjoxODAwMDAwMDAwMDAwLCJkZWxldGUiOjE4MDAwMDAwMDAwMDAsInJlYWQiOjMwMDAwMDAwMDAwMCwidXBkYXRlIjoxODAwMDAwMDAwMDAwfX0=",
          "dependencies": [
            "azurerm_resource_group.rg-group",
            "random_string.random-name"
          ]
        }
      ]
    },
    {
      "mode": "managed",
      "type": "azurerm_resource_group",
      "name": "rg-group",
      "provider": "provider[\"registry.terraform.io/hashicorp/azurerm\"]",
      "instances": [
        {
          "schema_version": 0,
          "attributes": {
            "id": "/subscriptions/10d377a9-0a75-40af-b0ce-fbca0bed2382/resourceGroups/autoscaling-demo-vbhkghsp8t",
            "location": "southeastasia",
            "managed_by": "",
            "name": "autoscaling-demo-vbhkghsp8t",
            "tags": {},
            "timeouts": null
          },
          "sensitive_attributes": [],
          "private": "eyJlMmJmYjczMC1lY2FhLTExZTYtOGY4OC0zNDM2M2JjN2M0YzAiOnsiY3JlYXRlIjo1NDAwMDAwMDAwMDAwLCJkZWxldGUiOjU0MDAwMDAwMDAwMDAsInJlYWQiOjMwMDAwMDAwMDAwMCwidXBkYXRlIjo1NDAwMDAwMDAwMDAwfX0=",
          "dependencies": [
            "random_string.random-name"
          ]
        }
      ]
    },
    {
      "mode": "managed",
      "type": "random_string",
      "name": "random-name",
      "provider": "provider[\"registry.terraform.io/hashicorp/random\"]",
      "instances": [
        {
          "schema_version": 2,
          "attributes": {
            "id": "vbhkghsp8t",
            "keepers": null,
            "length": 10,
            "lower": true,
            "min_lower": 0,
            "min_numeric": 0,
            "min_special": 0,
            "min_upper": 0,
            "number": true,
            "numeric": true,
            "override_special": null,
            "result": "vbhkghsp8t",
            "special": false,
            "upper": false
          },
          "sensitive_attributes": []
        }
      ]
    }
  ],
  "check_results": null
}
